
Microsoft Visual Studio Solution File, Format Version 12.00
# Visual Studio Version 17
VisualStudioVersion = 17.4.33213.308
MinimumVisualStudioVersion = 10.0.40219.1
Project("{8BC9CEB8-8B4A-11D0-8D11-00A0C91BC942}") = "Sandbox", "Sandbox\Sandbox.vcxproj", "{7DA771A9-757A-4F59-8EC7-78155C877B07}"
EndProject
Project("{8BC9CEB8-8B4A-11D0-8D11-00A0C91BC942}") = "Nexus", "Nexus\Nexus.vcxproj", "{CC8E92EC-4680-4C7F-9A11-90D498FCDF5C}"
EndProject
Global
	GlobalSection(SolutionConfigurationPlatforms) = preSolution
		Debug|x64 = Debug|x64
		Release|x64 = Release|x64
	EndGlobalSection
	GlobalSection(ProjectConfigurationPlatforms) = postSolution
		{CC8E92EC-4680-4C7F-9A11-90D498FCDF5C}.Debug|x64.ActiveCfg = Debug|x64
		{CC8E92EC-4680-4C7F-9A11-90D498FCDF5C}.Debug|x64.Build.0 = Debug|x64
		{CC8E92EC-4680-4C7F-9A11-90D498FCDF5C}.Release|x64.ActiveCfg = Release|x64
		{CC8E92EC-4680-4C7F-9A11-90D498FCDF5C}.Release|x64.Build.0 = Release|x64
		{7DA771A9-757A-4F59-8EC7-78155C877B07}.Debug|x64.ActiveCfg = Debug|x64
		{7DA771A9-757A-4F59-8EC7-78155C877B07}.Debug|x64.Build.0 = Debug|x64
		{7DA771A9-757A-4F59-8EC7-78155C877B07}.Release|x64.ActiveCfg = Release|x64
		{7DA771A9-757A-4F59-8EC7-78155C877B07}.Release|x64.Build.0 = Release|x64
	EndGlobalSection
	GlobalSection(SolutionProperties) = preSolution
		HideSolutionNode = FALSE
	EndGlobalSection
	GlobalSection(ExtensibilityGlobals) = postSolution
		SolutionGuid = {C8F04753-593D-4242-9523-A342CAC8C3F4}
	EndGlobalSection
EndGlobal
